
Microsoft Visual Studio Solution File, Format Version 12.00
# Visual Studio Version 17
VisualStudioVersion = 17.6.33723.286
MinimumVisualStudioVersion = 10.0.40219.1
Project("{FAE04EC0-301F-11D3-BF4B-00C04F79EFBC}") = "CheckFileSize", "CheckFileSize.csproj", "{2626EC18-63FA-4DBA-BC83-111606320735}"
EndProject
Global
	GlobalSection(SolutionConfigurationPlatforms) = preSolution
		Debug|Any CPU = Debug|Any CPU
		Release|Any CPU = Release|Any CPU
	EndGlobalSection
	GlobalSection(ProjectConfigurationPlatforms) = postSolution
		{2626EC18-63FA-4DBA-BC83-111606320735}.Debug|Any CPU.ActiveCfg = Debug|Any CPU
		{2626EC18-63FA-4DBA-BC83-111606320735}.Debug|Any CPU.Build.0 = Debug|Any CPU
		{2626EC18-63FA-4DBA-BC83-111606320735}.Release|Any CPU.ActiveCfg = Release|Any CPU
		{2626EC18-63FA-4DBA-BC83-111606320735}.Release|Any CPU.Build.0 = Release|Any CPU
	EndGlobalSection
	GlobalSection(SolutionProperties) = preSolution
		HideSolutionNode = FALSE
	EndGlobalSection
	GlobalSection(ExtensibilityGlobals) = postSolution
		SolutionGuid = {252C6D2B-302E-409E-920D-231457952610}
	EndGlobalSection
EndGlobal
