
Microsoft Visual Studio Solution File, Format Version 12.00
# Visual Studio Version 17
VisualStudioVersion = 17.10.35122.118
MinimumVisualStudioVersion = 10.0.40219.1
Project("{FAE04EC0-301F-11D3-BF4B-00C04F79EFBC}") = "Video 0Color Fix", "Video 0Color Fix.csproj", "{0743A68A-FA3D-41F1-B069-99B063DE568C}"
EndProject
Global
	GlobalSection(SolutionConfigurationPlatforms) = preSolution
		Debug|Any CPU = Debug|Any CPU
		Release|Any CPU = Release|Any CPU
	EndGlobalSection
	GlobalSection(ProjectConfigurationPlatforms) = postSolution
		{0743A68A-FA3D-41F1-B069-99B063DE568C}.Debug|Any CPU.ActiveCfg = Debug|Any CPU
		{0743A68A-FA3D-41F1-B069-99B063DE568C}.Debug|Any CPU.Build.0 = Debug|Any CPU
		{0743A68A-FA3D-41F1-B069-99B063DE568C}.Release|Any CPU.ActiveCfg = Release|Any CPU
		{0743A68A-FA3D-41F1-B069-99B063DE568C}.Release|Any CPU.Build.0 = Release|Any CPU
	EndGlobalSection
	GlobalSection(SolutionProperties) = preSolution
		HideSolutionNode = FALSE
	EndGlobalSection
	GlobalSection(ExtensibilityGlobals) = postSolution
		SolutionGuid = {FE8D5235-2DE9-48F0-9D73-A90E80109EC2}
	EndGlobalSection
EndGlobal
